// !$*UTF8*$!
{
	archiveVersion = 1;
	classes = {
	};
	objectVersion = 50;
	objects = {

/* Begin PBXBuildFile section */
		D1FD2B4425D6FDE800F8B707 /* AppDelegate.swift in Sources */ = {isa = PBXBuildFile; fileRef = D1FD2B4325D6FDE800F8B707 /* AppDelegate.swift */; };
		D1FD2B4625D6FDE800F8B707 /* SceneDelegate.swift in Sources */ = {isa = PBXBuildFile; fileRef = D1FD2B4525D6FDE800F8B707 /* SceneDelegate.swift */; };
		D1FD2B4825D6FDE800F8B707 /* ViewController.swift in Sources */ = {isa = PBXBuildFile; fileRef = D1FD2B4725D6FDE800F8B707 /* ViewController.swift */; };
		D1FD2B4B25D6FDE800F8B707 /* Main.storyboard in Resources */ = {isa = PBXBuildFile; fileRef = D1FD2B4925D6FDE800F8B707 /* Main.storyboard */; };
		D1FD2B4D25D6FDE900F8B707 /* Assets.xcassets in Resources */ = {isa = PBXBuildFile; fileRef = D1FD2B4C25D6FDE900F8B707 /* Assets.xcassets */; };
		D1FD2B5025D6FDE900F8B707 /* LaunchScreen.storyboard in Resources */ = {isa = PBXBuildFile; fileRef = D1FD2B4E25D6FDE900F8B707 /* LaunchScreen.storyboard */; };
/* End PBXBuildFile section */

/* Begin PBXFileReference section */
		D1FD2B4025D6FDE800F8B707 /* ChatInUser.app */ = {isa = PBXFileReference; explicitFileType = wrapper.application; includeInIndex = 0; path = ChatInUser.app; sourceTree = BUILT_PRODUCTS_DIR; };
		D1FD2B4325D6FDE800F8B707 /* AppDelegate.swift */ = {isa = PBXFileReference; lastKnownFileType = sourcecode.swift; path = AppDelegate.swift; sourceTree = "<group>"; };
		D1FD2B4525D6FDE800F8B707 /* SceneDelegate.swift */ = {isa = PBXFileReference; lastKnownFileType = sourcecode.swift; path = SceneDelegate.swift; sourceTree = "<group>"; };
		D1FD2B4725D6FDE800F8B707 /* ViewController.swift */ = {isa = PBXFileReference; lastKnownFileType = sourcecode.swift; path = ViewController.swift; sourceTree = "<group>"; };
		D1FD2B4A25D6FDE800F8B707 /* Base */ = {isa = PBXFileReference; lastKnownFileType = file.storyboard; name = Base; path = Base.lproj/Main.storyboard; sourceTree = "<group>"; };
		D1FD2B4C25D6FDE900F8B707 /* Assets.xcassets */ = {isa = PBXFileReference; lastKnownFileType = folder.assetcatalog; path = Assets.xcassets; sourceTree = "<group>"; };
		D1FD2B4F25D6FDE900F8B707 /* Base */ = {isa = PBXFileReference; lastKnownFileType = file.storyboard; name = Base; path = Base.lproj/LaunchScreen.storyboard; sourceTree = "<group>"; };
		D1FD2B5125D6FDE900F8B707 /* Info.plist */ = {isa = PBXFileReference; lastKnownFileType = text.plist.xml; path = Info.plist; sourceTree = "<group>"; };
/* End PBXFileReference section */

/* Begin PBXFrameworksBuildPhase section */
		D1FD2B3D25D6FDE800F8B707 /* Frameworks */ = {
			isa = PBXFrameworksBuildPhase;
			buildActionMask = 2147483647;
			files = (
			);
			runOnlyForDeploymentPostprocessing = 0;
		};
/* End PBXFrameworksBuildPhase section */

/* Begin PBXGroup section */
		D1FD2B3725D6FDE800F8B707 = {
			isa = PBXGroup;
			children = (
				D1FD2B4225D6FDE800F8B707 /* ChatInUser */,
				D1FD2B4125D6FDE800F8B707 /* Products */,
			);
			sourceTree = "<group>";
		};
		D1FD2B4125D6FDE800F8B707 /* Products */ = {
			isa = PBXGroup;
			children = (
				D1FD2B4025D6FDE800F8B707 /* ChatInUser.app */,
			);
			name = Products;
			sourceTree = "<group>";
		};
		D1FD2B4225D6FDE800F8B707 /* ChatInUser */ = {
			isa = PBXGroup;
			children = (
				D1FD2B4325D6FDE800F8B707 /* AppDelegate.swift */,
				D1FD2B4525D6FDE800F8B707 /* SceneDelegate.swift */,
				D1FD2B4725D6FDE800F8B707 /* ViewController.swift */,
				D1FD2B4925D6FDE800F8B707 /* Main.storyboard */,
				D1FD2B4C25D6FDE900F8B707 /* Assets.xcassets */,
				D1FD2B4E25D6FDE900F8B707 /* LaunchScreen.storyboard */,
				D1FD2B5125D6FDE900F8B707 /* Info.plist */,
			);
			path = ChatInUser;
			sourceTree = "<group>";
		};
/* End PBXGroup section */

/* Begin PBXNativeTarget section */
		D1FD2B3F25D6FDE800F8B707 /* ChatInUser */ = {
			isa = PBXNativeTarget;
			buildConfigurationList = D1FD2B5425D6FDE900F8B707 /* Build configuration list for PBXNativeTarget "ChatInUser" */;
			buildPhases = (
				D1FD2B3C25D6FDE800F8B707 /* Sources */,
				D1FD2B3D25D6FDE800F8B707 /* Frameworks */,
				D1FD2B3E25D6FDE800F8B707 /* Resources */,
			);
			buildRules = (
			);
			dependencies = (
			);
			name = ChatInUser;
			productName = ChatInUser;
			productReference = D1FD2B4025D6FDE800F8B707 /* ChatInUser.app */;
			productType = "com.apple.product-type.application";
		};
/* End PBXNativeTarget section */

/* Begin PBXProject section */
		D1FD2B3825D6FDE800F8B707 /* Project object */ = {
			isa = PBXProject;
			attributes = {
				LastSwiftUpdateCheck = 1240;
				LastUpgradeCheck = 1240;
				TargetAttributes = {
					D1FD2B3F25D6FDE800F8B707 = {
						CreatedOnToolsVersion = 12.4;
					};
				};
			};
			buildConfigurationList = D1FD2B3B25D6FDE800F8B707 /* Build configuration list for PBXProject "ChatInUser" */;
			compatibilityVersion = "Xcode 9.3";
			developmentRegion = en;
			hasScannedForEncodings = 0;
			knownRegions = (
				en,
				Base,
			);
			mainGroup = D1FD2B3725D6FDE800F8B707;
			productRefGroup = D1FD2B4125D6FDE800F8B707 /* Products */;
			projectDirPath = "";
			projectRoot = "";
			targets = (
				D1FD2B3F25D6FDE800F8B707 /* ChatInUser */,
			);
		};
/* End PBXProject section */

/* Begin PBXResourcesBuildPhase section */
		D1FD2B3E25D6FDE800F8B707 /* Resources */ = {
			isa = PBXResourcesBuildPhase;
			buildActionMask = 2147483647;
			files = (
				D1FD2B5025D6FDE900F8B707 /* LaunchScreen.storyboard in Resources */,
				D1FD2B4D25D6FDE900F8B707 /* Assets.xcassets in Resources */,
				D1FD2B4B25D6FDE800F8B707 /* Main.storyboard in Resources */,
			);
			runOnlyForDeploymentPostprocessing = 0;
		};
/* End PBXResourcesBuildPhase section */

/* Begin PBXSourcesBuildPhase section */
		D1FD2B3C25D6FDE800F8B707 /* Sources */ = {
			isa = PBXSourcesBuildPhase;
			buildActionMask = 2147483647;
			files = (
				D1FD2B4825D6FDE800F8B707 /* ViewController.swift in Sources */,
				D1FD2B4425D6FDE800F8B707 /* AppDelegate.swift in Sources */,
				D1FD2B4625D6FDE800F8B707 /* SceneDelegate.swift in Sources */,
			);
			runOnlyForDeploymentPostprocessing = 0;
		};
/* End PBXSourcesBuildPhase section */

/* Begin PBXVariantGroup section */
		D1FD2B4925D6FDE800F8B707 /* Main.storyboard */ = {
			isa = PBXVariantGroup;
			children = (
				D1FD2B4A25D6FDE800F8B707 /* Base */,
			);
			name = Main.storyboard;
			sourceTree = "<group>";
		};
		D1FD2B4E25D6FDE900F8B707 /* LaunchScreen.storyboard */ = {
			isa = PBXVariantGroup;
			children = (
				D1FD2B4F25D6FDE900F8B707 /* Base */,
			);
			name = LaunchScreen.storyboard;
			sourceTree = "<group>";
		};
/* End PBXVariantGroup section */

/* Begin XCBuildConfiguration section */
		D1FD2B5225D6FDE900F8B707 /* Debug */ = {
			isa = XCBuildConfiguration;
			buildSettings = {
				ALWAYS_SEARCH_USER_PATHS = NO;
				CLANG_ANALYZER_NONNULL = YES;
				CLANG_ANALYZER_NUMBER_OBJECT_CONVERSION = YES_AGGRESSIVE;
				CLANG_CXX_LANGUAGE_STANDARD = "gnu++14";
				CLANG_CXX_LIBRARY = "libc++";
				CLANG_ENABLE_MODULES = YES;
				CLANG_ENABLE_OBJC_ARC = YES;
				CLANG_ENABLE_OBJC_WEAK = YES;
				CLANG_WARN_BLOCK_CAPTURE_AUTORELEASING = YES;
				CLANG_WARN_BOOL_CONVERSION = YES;
				CLANG_WARN_COMMA = YES;
				CLANG_WARN_CONSTANT_CONVERSION = YES;
				CLANG_WARN_DEPRECATED_OBJC_IMPLEMENTATIONS = YES;
				CLANG_WARN_DIRECT_OBJC_ISA_USAGE = YES_ERROR;
				CLANG_WARN_DOCUMENTATION_COMMENTS = YES;
				CLANG_WARN_EMPTY_BODY = YES;
				CLANG_WARN_ENUM_CONVERSION = YES;
				CLANG_WARN_INFINITE_RECURSION = YES;
				CLANG_WARN_INT_CONVERSION = YES;
				CLANG_WARN_NON_LITERAL_NULL_CONVERSION = YES;
				CLANG_WARN_OBJC_IMPLICIT_RETAIN_SELF = YES;
				CLANG_WARN_OBJC_LITERAL_CONVERSION = YES;
				CLANG_WARN_OBJC_ROOT_CLASS = YES_ERROR;
				CLANG_WARN_QUOTED_INCLUDE_IN_FRAMEWORK_HEADER = YES;
				CLANG_WARN_RANGE_LOOP_ANALYSIS = YES;
				CLANG_WARN_STRICT_PROTOTYPES = YES;
				CLANG_WARN_SUSPICIOUS_MOVE = YES;
				CLANG_WARN_UNGUARDED_AVAILABILITY = YES_AGGRESSIVE;
				CLANG_WARN_UNREACHABLE_CODE = YES;
				CLANG_WARN__DUPLICATE_METHOD_MATCH = YES;
				COPY_PHASE_STRIP = NO;
				DEBUG_INFORMATION_FORMAT = dwarf;
				ENABLE_STRICT_OBJC_MSGSEND = YES;
				ENABLE_TESTABILITY = YES;
				GCC_C_LANGUAGE_STANDARD = gnu11;
				GCC_DYNAMIC_NO_PIC = NO;
				GCC_NO_COMMON_BLOCKS = YES;
				GCC_OPTIMIZATION_LEVEL = 0;
				GCC_PREPROCESSOR_DEFINITIONS = (
					"DEBUG=1",
					"$(inherited)",
				);
				GCC_WARN_64_TO_32_BIT_CONVERSION = YES;
				GCC_WARN_ABOUT_RETURN_TYPE = YES_ERROR;
				GCC_WARN_UNDECLARED_SELECTOR = YES;
				GCC_WARN_UNINITIALIZED_AUTOS = YES_AGGRESSIVE;
				GCC_WARN_UNUSED_FUNCTION = YES;
				GCC_WARN_UNUSED_VARIABLE = YES;
				IPHONEOS_DEPLOYMENT_TARGET = 14.4;
				MTL_ENABLE_DEBUG_INFO = INCLUDE_SOURCE;
				MTL_FAST_MATH = YES;
				ONLY_ACTIVE_ARCH = YES;
				SDKROOT = iphoneos;
				SWIFT_ACTIVE_COMPILATION_CONDITIONS = DEBUG;
				SWIFT_OPTIMIZATION_LEVEL = "-Onone";
			};
			name = Debug;
		};
		D1FD2B5325D6FDE900F8B707 /* Release */ = {
			isa = XCBuildConfiguration;
			buildSettings = {
				ALWAYS_SEARCH_USER_PATHS = NO;
				CLANG_ANALYZER_NONNULL = YES;
				CLANG_ANALYZER_NUMBER_OBJECT_CONVERSION = YES_AGGRESSIVE;
				CLANG_CXX_LANGUAGE_STANDARD = "gnu++14";
				CLANG_CXX_LIBRARY = "libc++";
				CLANG_ENABLE_MODULES = YES;
				CLANG_ENABLE_OBJC_ARC = YES;
				CLANG_ENABLE_OBJC_WEAK = YES;
				CLANG_WARN_BLOCK_CAPTURE_AUTORELEASING = YES;
				CLANG_WARN_BOOL_CONVERSION = YES;
				CLANG_WARN_COMMA = YES;
				CLANG_WARN_CONSTANT_CONVERSION = YES;
				CLANG_WARN_DEPRECATED_OBJC_IMPLEMENTATIONS = YES;
				CLANG_WARN_DIRECT_OBJC_ISA_USAGE = YES_ERROR;
				CLANG_WARN_DOCUMENTATION_COMMENTS = YES;
				CLANG_WARN_EMPTY_BODY = YES;
				CLANG_WARN_ENUM_CONVERSION = YES;
				CLANG_WARN_INFINITE_RECURSION = YES;
				CLANG_WARN_INT_CONVERSION = YES;
				CLANG_WARN_NON_LITERAL_NULL_CONVERSION = YES;
				CLANG_WARN_OBJC_IMPLICIT_RETAIN_SELF = YES;
				CLANG_WARN_OBJC_LITERAL_CONVERSION = YES;
				CLANG_WARN_OBJC_ROOT_CLASS = YES_ERROR;
				CLANG_WARN_QUOTED_INCLUDE_IN_FRAMEWORK_HEADER = YES;
				CLANG_WARN_RANGE_LOOP_ANALYSIS = YES;
				CLANG_WARN_STRICT_PROTOTYPES = YES;
				CLANG_WARN_SUSPICIOUS_MOVE = YES;
				CLANG_WARN_UNGUARDED_AVAILABILITY = YES_AGGRESSIVE;
				CLANG_WARN_UNREACHABLE_CODE = YES;
				CLANG_WARN__DUPLICATE_METHOD_MATCH = YES;
				COPY_PHASE_STRIP = NO;
				DEBUG_INFORMATION_FORMAT = "dwarf-with-dsym";
				ENABLE_NS_ASSERTIONS = NO;
				ENABLE_STRICT_OBJC_MSGSEND = YES;
				GCC_C_LANGUAGE_STANDARD = gnu11;
				GCC_NO_COMMON_BLOCKS = YES;
				GCC_WARN_64_TO_32_BIT_CONVERSION = YES;
				GCC_WARN_ABOUT_RETURN_TYPE = YES_ERROR;
				GCC_WARN_UNDECLARED_SELECTOR = YES;
				GCC_WARN_UNINITIALIZED_AUTOS = YES_AGGRESSIVE;
				GCC_WARN_UNUSED_FUNCTION = YES;
				GCC_WARN_UNUSED_VARIABLE = YES;
				IPHONEOS_DEPLOYMENT_TARGET = 14.4;
				MTL_ENABLE_DEBUG_INFO = NO;
				MTL_FAST_MATH = YES;
				SDKROOT = iphoneos;
				SWIFT_COMPILATION_MODE = wholemodule;
				SWIFT_OPTIMIZATION_LEVEL = "-O";
				VALIDATE_PRODUCT = YES;
			};
			name = Release;
		};
		D1FD2B5525D6FDE900F8B707 /* Debug */ = {
			isa = XCBuildConfiguration;
			buildSettings = {
				ASSETCATALOG_COMPILER_APPICON_NAME = AppIcon;
				ASSETCATALOG_COMPILER_GLOBAL_ACCENT_COLOR_NAME = AccentColor;
				CODE_SIGN_STYLE = Automatic;
				DEVELOPMENT_TEAM = Q965X4Z326;
				INFOPLIST_FILE = ChatInUser/Info.plist;
				LD_RUNPATH_SEARCH_PATHS = (
					"$(inherited)",
					"@executable_path/Frameworks",
				);
				PRODUCT_BUNDLE_IDENTIFIER = igor.matsepura.ChatInUser;
				PRODUCT_NAME = "$(TARGET_NAME)";
				SWIFT_VERSION = 5.0;
				TARGETED_DEVICE_FAMILY = "1,2";
			};
			name = Debug;
		};
		D1FD2B5625D6FDE900F8B707 /* Release */ = {
			isa = XCBuildConfiguration;
			buildSettings = {
				ASSETCATALOG_COMPILER_APPICON_NAME = AppIcon;
				ASSETCATALOG_COMPILER_GLOBAL_ACCENT_COLOR_NAME = AccentColor;
				CODE_SIGN_STYLE = Automatic;
				DEVELOPMENT_TEAM = Q965X4Z326;
				INFOPLIST_FILE = ChatInUser/Info.plist;
				LD_RUNPATH_SEARCH_PATHS = (
					"$(inherited)",
					"@executable_path/Frameworks",
				);
				PRODUCT_BUNDLE_IDENTIFIER = igor.matsepura.ChatInUser;
				PRODUCT_NAME = "$(TARGET_NAME)";
				SWIFT_VERSION = 5.0;
				TARGETED_DEVICE_FAMILY = "1,2";
			};
			name = Release;
		};
/* End XCBuildConfiguration section */

/* Begin XCConfigurationList section */
		D1FD2B3B25D6FDE800F8B707 /* Build configuration list for PBXProject "ChatInUser" */ = {
			isa = XCConfigurationList;
			buildConfigurations = (
				D1FD2B5225D6FDE900F8B707 /* Debug */,
				D1FD2B5325D6FDE900F8B707 /* Release */,
			);
			defaultConfigurationIsVisible = 0;
			defaultConfigurationName = Release;
		};
		D1FD2B5425D6FDE900F8B707 /* Build configuration list for PBXNativeTarget "ChatInUser" */ = {
			isa = XCConfigurationList;
			buildConfigurations = (
				D1FD2B5525D6FDE900F8B707 /* Debug */,
				D1FD2B5625D6FDE900F8B707 /* Release */,
			);
			defaultConfigurationIsVisible = 0;
			defaultConfigurationName = Release;
		};
/* End XCConfigurationList section */
	};
	rootObject = D1FD2B3825D6FDE800F8B707 /* Project object */;
}
